// !$*UTF8*$!
{
	archiveVersion = 1;
	classes = {
	};
	objectVersion = 46;
	objects = {

/* Begin PBXBuildFile section */
		121184DD1BD21BD900C17136 /* Cause.swift in Sources */ = {isa = PBXBuildFile; fileRef = 121184DC1BD21BD900C17136 /* Cause.swift */; };
		121184EE1BD221C300C17136 /* EventTestimonialsViewController.swift in Sources */ = {isa = PBXBuildFile; fileRef = 121184ED1BD221C300C17136 /* EventTestimonialsViewController.swift */; };
		121184F01BD221CE00C17136 /* EventLocationViewController.swift in Sources */ = {isa = PBXBuildFile; fileRef = 121184EF1BD221CE00C17136 /* EventLocationViewController.swift */; };
		121184F21BD221E100C17136 /* EventDetailsViewController.swift in Sources */ = {isa = PBXBuildFile; fileRef = 121184F11BD221E100C17136 /* EventDetailsViewController.swift */; };
		121184F41BD221F500C17136 /* EventAttendeesViewController.swift in Sources */ = {isa = PBXBuildFile; fileRef = 121184F31BD221F500C17136 /* EventAttendeesViewController.swift */; };
		121184F61BD2220700C17136 /* EventConfirmAttendanceViewController.swift in Sources */ = {isa = PBXBuildFile; fileRef = 121184F51BD2220700C17136 /* EventConfirmAttendanceViewController.swift */; };
		121184F81BD2222800C17136 /* EventCoverMediaViewController.swift in Sources */ = {isa = PBXBuildFile; fileRef = 121184F71BD2222800C17136 /* EventCoverMediaViewController.swift */; };
		121184FD1BD2229100C17136 /* OnboardingCausesViewController.swift in Sources */ = {isa = PBXBuildFile; fileRef = 121184FC1BD2229100C17136 /* OnboardingCausesViewController.swift */; };
		121184FF1BD222BA00C17136 /* OnboardingFollowFriendsViewController.swift in Sources */ = {isa = PBXBuildFile; fileRef = 121184FE1BD222BA00C17136 /* OnboardingFollowFriendsViewController.swift */; };
		121185011BD222EF00C17136 /* WelcomeViewController.swift in Sources */ = {isa = PBXBuildFile; fileRef = 121185001BD222EF00C17136 /* WelcomeViewController.swift */; };
		121185031BD2230000C17136 /* SignUpViewController.swift in Sources */ = {isa = PBXBuildFile; fileRef = 121185021BD2230000C17136 /* SignUpViewController.swift */; };
		121185051BD2230A00C17136 /* LogInViewController.swift in Sources */ = {isa = PBXBuildFile; fileRef = 121185041BD2230A00C17136 /* LogInViewController.swift */; };
		121185071BD2235C00C17136 /* EventFeedbackViewController.swift in Sources */ = {isa = PBXBuildFile; fileRef = 121185061BD2235C00C17136 /* EventFeedbackViewController.swift */; };
		121185091BD2238000C17136 /* SearchFiltersViewController.swift in Sources */ = {isa = PBXBuildFile; fileRef = 121185081BD2238000C17136 /* SearchFiltersViewController.swift */; };
		1211850B1BD223BB00C17136 /* ChangePasswordViewController.swift in Sources */ = {isa = PBXBuildFile; fileRef = 1211850A1BD223BB00C17136 /* ChangePasswordViewController.swift */; };
		1211850E1BD223F300C17136 /* UserBadgesViewController.swift in Sources */ = {isa = PBXBuildFile; fileRef = 1211850D1BD223F300C17136 /* UserBadgesViewController.swift */; };
		121185101BD223FA00C17136 /* UserStatsViewController.swift in Sources */ = {isa = PBXBuildFile; fileRef = 1211850F1BD223FA00C17136 /* UserStatsViewController.swift */; };
		121185121BD2243000C17136 /* UserOrgsViewController.swift in Sources */ = {isa = PBXBuildFile; fileRef = 121185111BD2243000C17136 /* UserOrgsViewController.swift */; };
		121185161BD2244F00C17136 /* UserFollowingViewController.swift in Sources */ = {isa = PBXBuildFile; fileRef = 121185151BD2244F00C17136 /* UserFollowingViewController.swift */; };
		121185181BD226F200C17136 /* OnboardingFinishViewController.swift in Sources */ = {isa = PBXBuildFile; fileRef = 121185171BD226F200C17136 /* OnboardingFinishViewController.swift */; };
		121648831BD0D6AF00852536 /* AppDelegate.swift in Sources */ = {isa = PBXBuildFile; fileRef = 121648821BD0D6AF00852536 /* AppDelegate.swift */; };
		121648851BD0D6AF00852536 /* ViewController.swift in Sources */ = {isa = PBXBuildFile; fileRef = 121648841BD0D6AF00852536 /* ViewController.swift */; };
		121648881BD0D6AF00852536 /* Main.storyboard in Resources */ = {isa = PBXBuildFile; fileRef = 121648861BD0D6AF00852536 /* Main.storyboard */; };
		1216488D1BD0D6AF00852536 /* LaunchScreen.storyboard in Resources */ = {isa = PBXBuildFile; fileRef = 1216488B1BD0D6AF00852536 /* LaunchScreen.storyboard */; };
		121648981BD0D6AF00852536 /* PinchTests.swift in Sources */ = {isa = PBXBuildFile; fileRef = 121648971BD0D6AF00852536 /* PinchTests.swift */; };
		121648A31BD0D6AF00852536 /* PinchUITests.swift in Sources */ = {isa = PBXBuildFile; fileRef = 121648A21BD0D6AF00852536 /* PinchUITests.swift */; };
		121648B21BD0D88000852536 /* HomeViewController.swift in Sources */ = {isa = PBXBuildFile; fileRef = 121648B11BD0D88000852536 /* HomeViewController.swift */; };
		121648B41BD0DAC400852536 /* ActivityViewController.swift in Sources */ = {isa = PBXBuildFile; fileRef = 121648B31BD0DAC400852536 /* ActivityViewController.swift */; };
		121648B61BD0DBB300852536 /* EventViewController.swift in Sources */ = {isa = PBXBuildFile; fileRef = 121648B51BD0DBB300852536 /* EventViewController.swift */; };
		121648B81BD0DC0E00852536 /* SearchViewController.swift in Sources */ = {isa = PBXBuildFile; fileRef = 121648B71BD0DC0E00852536 /* SearchViewController.swift */; };
		121648BA1BD0DC1C00852536 /* SearchResultsViewController.swift in Sources */ = {isa = PBXBuildFile; fileRef = 121648B91BD0DC1C00852536 /* SearchResultsViewController.swift */; };
		121648BC1BD0DC7200852536 /* UserProfileViewController.swift in Sources */ = {isa = PBXBuildFile; fileRef = 121648BB1BD0DC7200852536 /* UserProfileViewController.swift */; };
		121648BE1BD0DCB000852536 /* OrganizationProfileViewController.swift in Sources */ = {isa = PBXBuildFile; fileRef = 121648BD1BD0DCB000852536 /* OrganizationProfileViewController.swift */; };
		121648C01BD0DCDC00852536 /* SettingsViewController.swift in Sources */ = {isa = PBXBuildFile; fileRef = 121648BF1BD0DCDC00852536 /* SettingsViewController.swift */; };
		121648C21BD0DCED00852536 /* EditUserProfileViewController.swift in Sources */ = {isa = PBXBuildFile; fileRef = 121648C11BD0DCED00852536 /* EditUserProfileViewController.swift */; };
		121648C71BD0DDF400852536 /* Event.swift in Sources */ = {isa = PBXBuildFile; fileRef = 121648C61BD0DDF400852536 /* Event.swift */; };
		121648C91BD0E23900852536 /* Organization.swift in Sources */ = {isa = PBXBuildFile; fileRef = 121648C81BD0E23900852536 /* Organization.swift */; };
		121648CB1BD0E3B100852536 /* User.swift in Sources */ = {isa = PBXBuildFile; fileRef = 121648CA1BD0E3B100852536 /* User.swift */; };
		1229B4B81BD796A8000A2B7D /* Lato-Bold.ttf in Resources */ = {isa = PBXBuildFile; fileRef = 1229B4B51BD796A8000A2B7D /* Lato-Bold.ttf */; settings = {ASSET_TAGS = (); }; };
		1229B4B91BD796A8000A2B7D /* Lato-Regular.ttf in Resources */ = {isa = PBXBuildFile; fileRef = 1229B4B61BD796A8000A2B7D /* Lato-Regular.ttf */; settings = {ASSET_TAGS = (); }; };
		1229B4BA1BD796A8000A2B7D /* Raleway-Bold.ttf in Resources */ = {isa = PBXBuildFile; fileRef = 1229B4B71BD796A8000A2B7D /* Raleway-Bold.ttf */; settings = {ASSET_TAGS = (); }; };
		124DBECB1BDC364600F2F283 /* UserProfileMenuTableViewCell.swift in Sources */ = {isa = PBXBuildFile; fileRef = 124DBECA1BDC364600F2F283 /* UserProfileMenuTableViewCell.swift */; settings = {ASSET_TAGS = (); }; };
		124DBECD1BDC368F00F2F283 /* UserProfileDetailsTableViewCell.swift in Sources */ = {isa = PBXBuildFile; fileRef = 124DBECC1BDC368F00F2F283 /* UserProfileDetailsTableViewCell.swift */; settings = {ASSET_TAGS = (); }; };
		124DBECF1BDC3F9E00F2F283 /* UserProfileEventTabsTableViewCell.swift in Sources */ = {isa = PBXBuildFile; fileRef = 124DBECE1BDC3F9E00F2F283 /* UserProfileEventTabsTableViewCell.swift */; settings = {ASSET_TAGS = (); }; };
		126B730E1BD4CD910081CA0E /* Location.swift in Sources */ = {isa = PBXBuildFile; fileRef = 126B730D1BD4CD910081CA0E /* Location.swift */; };
		126B73101BD4D38B0081CA0E /* Assets.xcassets in Resources */ = {isa = PBXBuildFile; fileRef = 126B730F1BD4D38B0081CA0E /* Assets.xcassets */; };
		12AA0DFB1BD787CC009DA8CB /* UserActivityViewController.swift in Sources */ = {isa = PBXBuildFile; fileRef = 12AA0DFA1BD787CC009DA8CB /* UserActivityViewController.swift */; };
		12AA0DFD1BD7885B009DA8CB /* UserTestimonialsViewController.swift in Sources */ = {isa = PBXBuildFile; fileRef = 12AA0DFC1BD7885B009DA8CB /* UserTestimonialsViewController.swift */; };
		12AA0E091BD79202009DA8CB /* FollowingUserTableViewCell.swift in Sources */ = {isa = PBXBuildFile; fileRef = 12AA0E081BD79202009DA8CB /* FollowingUserTableViewCell.swift */; };
		12CD54711BDA99490027A3BB /* ExtensionUIImage.swift in Sources */ = {isa = PBXBuildFile; fileRef = 12CD54701BDA99490027A3BB /* ExtensionUIImage.swift */; settings = {ASSET_TAGS = (); }; };
		12CDC1111BD9DD220087561B /* UserProfileUpcomingAndSavedEventsTableViewCell.swift in Sources */ = {isa = PBXBuildFile; fileRef = 12CDC1101BD9DD220087561B /* UserProfileUpcomingAndSavedEventsTableViewCell.swift */; settings = {ASSET_TAGS = (); }; };
		12CDC1141BD9DE430087561B /* Colors.swift in Sources */ = {isa = PBXBuildFile; fileRef = 12CDC1131BD9DE430087561B /* Colors.swift */; settings = {ASSET_TAGS = (); }; };
		12CDC1161BD9E79A0087561B /* TestEvents.swift in Sources */ = {isa = PBXBuildFile; fileRef = 12CDC1151BD9E79A0087561B /* TestEvents.swift */; settings = {ASSET_TAGS = (); }; };
		12DB7DEA1BD2FEEF00C17FE4 /* Common.swift in Sources */ = {isa = PBXBuildFile; fileRef = 12DB7DE91BD2FEEF00C17FE4 /* Common.swift */; };
		40F31A111BD9E2A200C2884E /* PeopleCell.swift in Sources */ = {isa = PBXBuildFile; fileRef = 40F31A101BD9E2A200C2884E /* PeopleCell.swift */; settings = {ASSET_TAGS = (); }; };
		439B0A90EDAC7EB206EB98E3 /* Pods_Pinch.framework in Frameworks */ = {isa = PBXBuildFile; fileRef = 8D9BEA7369A5037279544AF0 /* Pods_Pinch.framework */; };
		CB3D28AD1BD8E67700AC1BBD /* EventCardTransition.swift in Sources */ = {isa = PBXBuildFile; fileRef = CB3D28AC1BD8E67700AC1BBD /* EventCardTransition.swift */; settings = {ASSET_TAGS = (); }; };
		CB50A5DF1BD7901E0072C54C /* FadeTransition.swift in Sources */ = {isa = PBXBuildFile; fileRef = CB50A5DE1BD7901E0072C54C /* FadeTransition.swift */; settings = {ASSET_TAGS = (); }; };
		CB50A5E11BD790240072C54C /* BaseTransition.swift in Sources */ = {isa = PBXBuildFile; fileRef = CB50A5E01BD790240072C54C /* BaseTransition.swift */; settings = {ASSET_TAGS = (); }; };
		CB50A5E31BD794320072C54C /* EventInviteFriendsViewController.swift in Sources */ = {isa = PBXBuildFile; fileRef = CB50A5E21BD794320072C54C /* EventInviteFriendsViewController.swift */; settings = {ASSET_TAGS = (); }; };
/* End PBXBuildFile section */

/* Begin PBXContainerItemProxy section */
		121648941BD0D6AF00852536 /* PBXContainerItemProxy */ = {
			isa = PBXContainerItemProxy;
			containerPortal = 121648771BD0D6AF00852536 /* Project object */;
			proxyType = 1;
			remoteGlobalIDString = 1216487E1BD0D6AF00852536;
			remoteInfo = Pinch;
		};
		1216489F1BD0D6AF00852536 /* PBXContainerItemProxy */ = {
			isa = PBXContainerItemProxy;
			containerPortal = 121648771BD0D6AF00852536 /* Project object */;
			proxyType = 1;
			remoteGlobalIDString = 1216487E1BD0D6AF00852536;
			remoteInfo = Pinch;
		};
/* End PBXContainerItemProxy section */

/* Begin PBXFileReference section */
		121184DC1BD21BD900C17136 /* Cause.swift */ = {isa = PBXFileReference; fileEncoding = 4; lastKnownFileType = sourcecode.swift; name = Cause.swift; path = Helpers/Cause.swift; sourceTree = "<group>"; };
		121184ED1BD221C300C17136 /* EventTestimonialsViewController.swift */ = {isa = PBXFileReference; fileEncoding = 4; lastKnownFileType = sourcecode.swift; name = EventTestimonialsViewController.swift; path = ViewControllers/EventTestimonialsViewController.swift; sourceTree = "<group>"; };
		121184EF1BD221CE00C17136 /* EventLocationViewController.swift */ = {isa = PBXFileReference; fileEncoding = 4; lastKnownFileType = sourcecode.swift; name = EventLocationViewController.swift; path = ViewControllers/EventLocationViewController.swift; sourceTree = "<group>"; };
		121184F11BD221E100C17136 /* EventDetailsViewController.swift */ = {isa = PBXFileReference; fileEncoding = 4; lastKnownFileType = sourcecode.swift; name = EventDetailsViewController.swift; path = ViewControllers/EventDetailsViewController.swift; sourceTree = "<group>"; };
		121184F31BD221F500C17136 /* EventAttendeesViewController.swift */ = {isa = PBXFileReference; fileEncoding = 4; lastKnownFileType = sourcecode.swift; name = EventAttendeesViewController.swift; path = ViewControllers/EventAttendeesViewController.swift; sourceTree = "<group>"; };
		121184F51BD2220700C17136 /* EventConfirmAttendanceViewController.swift */ = {isa = PBXFileReference; fileEncoding = 4; lastKnownFileType = sourcecode.swift; name = EventConfirmAttendanceViewController.swift; path = ViewControllers/EventConfirmAttendanceViewController.swift; sourceTree = "<group>"; };
		121184F71BD2222800C17136 /* EventCoverMediaViewController.swift */ = {isa = PBXFileReference; fileEncoding = 4; lastKnownFileType = sourcecode.swift; name = EventCoverMediaViewController.swift; path = ViewControllers/EventCoverMediaViewController.swift; sourceTree = "<group>"; };
		121184FC1BD2229100C17136 /* OnboardingCausesViewController.swift */ = {isa = PBXFileReference; fileEncoding = 4; lastKnownFileType = sourcecode.swift; name = OnboardingCausesViewController.swift; path = ViewControllers/OnboardingCausesViewController.swift; sourceTree = "<group>"; };
		121184FE1BD222BA00C17136 /* OnboardingFollowFriendsViewController.swift */ = {isa = PBXFileReference; fileEncoding = 4; lastKnownFileType = sourcecode.swift; name = OnboardingFollowFriendsViewController.swift; path = ViewControllers/OnboardingFollowFriendsViewController.swift; sourceTree = "<group>"; };
		121185001BD222EF00C17136 /* WelcomeViewController.swift */ = {isa = PBXFileReference; fileEncoding = 4; lastKnownFileType = sourcecode.swift; name = WelcomeViewController.swift; path = ViewControllers/WelcomeViewController.swift; sourceTree = "<group>"; };
		121185021BD2230000C17136 /* SignUpViewController.swift */ = {isa = PBXFileReference; fileEncoding = 4; lastKnownFileType = sourcecode.swift; name = SignUpViewController.swift; path = ViewControllers/SignUpViewController.swift; sourceTree = "<group>"; };
		121185041BD2230A00C17136 /* LogInViewController.swift */ = {isa = PBXFileReference; fileEncoding = 4; lastKnownFileType = sourcecode.swift; name = LogInViewController.swift; path = ViewControllers/LogInViewController.swift; sourceTree = "<group>"; };
		121185061BD2235C00C17136 /* EventFeedbackViewController.swift */ = {isa = PBXFileReference; fileEncoding = 4; lastKnownFileType = sourcecode.swift; name = EventFeedbackViewController.swift; path = ViewControllers/EventFeedbackViewController.swift; sourceTree = "<group>"; };
		121185081BD2238000C17136 /* SearchFiltersViewController.swift */ = {isa = PBXFileReference; fileEncoding = 4; lastKnownFileType = sourcecode.swift; name = SearchFiltersViewController.swift; path = ViewControllers/SearchFiltersViewController.swift; sourceTree = "<group>"; };
		1211850A1BD223BB00C17136 /* ChangePasswordViewController.swift */ = {isa = PBXFileReference; fileEncoding = 4; lastKnownFileType = sourcecode.swift; name = ChangePasswordViewController.swift; path = ViewControllers/ChangePasswordViewController.swift; sourceTree = "<group>"; };
		1211850D1BD223F300C17136 /* UserBadgesViewController.swift */ = {isa = PBXFileReference; fileEncoding = 4; lastKnownFileType = sourcecode.swift; name = UserBadgesViewController.swift; path = ViewControllers/UserBadgesViewController.swift; sourceTree = "<group>"; };
		1211850F1BD223FA00C17136 /* UserStatsViewController.swift */ = {isa = PBXFileReference; fileEncoding = 4; lastKnownFileType = sourcecode.swift; name = UserStatsViewController.swift; path = ViewControllers/UserStatsViewController.swift; sourceTree = "<group>"; };
		121185111BD2243000C17136 /* UserOrgsViewController.swift */ = {isa = PBXFileReference; fileEncoding = 4; lastKnownFileType = sourcecode.swift; name = UserOrgsViewController.swift; path = ViewControllers/UserOrgsViewController.swift; sourceTree = "<group>"; };
		121185151BD2244F00C17136 /* UserFollowingViewController.swift */ = {isa = PBXFileReference; fileEncoding = 4; lastKnownFileType = sourcecode.swift; name = UserFollowingViewController.swift; path = ViewControllers/UserFollowingViewController.swift; sourceTree = "<group>"; };
		121185171BD226F200C17136 /* OnboardingFinishViewController.swift */ = {isa = PBXFileReference; fileEncoding = 4; lastKnownFileType = sourcecode.swift; name = OnboardingFinishViewController.swift; path = ViewControllers/OnboardingFinishViewController.swift; sourceTree = "<group>"; };
		1216487F1BD0D6AF00852536 /* Pinch.app */ = {isa = PBXFileReference; explicitFileType = wrapper.application; includeInIndex = 0; path = Pinch.app; sourceTree = BUILT_PRODUCTS_DIR; };
		121648821BD0D6AF00852536 /* AppDelegate.swift */ = {isa = PBXFileReference; lastKnownFileType = sourcecode.swift; path = AppDelegate.swift; sourceTree = "<group>"; };
		121648841BD0D6AF00852536 /* ViewController.swift */ = {isa = PBXFileReference; lastKnownFileType = sourcecode.swift; path = ViewController.swift; sourceTree = "<group>"; };
		121648871BD0D6AF00852536 /* Base */ = {isa = PBXFileReference; lastKnownFileType = file.storyboard; name = Base; path = Base.lproj/Main.storyboard; sourceTree = "<group>"; };
		1216488C1BD0D6AF00852536 /* Base */ = {isa = PBXFileReference; lastKnownFileType = file.storyboard; name = Base; path = Base.lproj/LaunchScreen.storyboard; sourceTree = "<group>"; };
		1216488E1BD0D6AF00852536 /* Info.plist */ = {isa = PBXFileReference; lastKnownFileType = text.plist.xml; path = Info.plist; sourceTree = "<group>"; };
		121648931BD0D6AF00852536 /* PinchTests.xctest */ = {isa = PBXFileReference; explicitFileType = wrapper.cfbundle; includeInIndex = 0; path = PinchTests.xctest; sourceTree = BUILT_PRODUCTS_DIR; };
		121648971BD0D6AF00852536 /* PinchTests.swift */ = {isa = PBXFileReference; lastKnownFileType = sourcecode.swift; path = PinchTests.swift; sourceTree = "<group>"; };
		121648991BD0D6AF00852536 /* Info.plist */ = {isa = PBXFileReference; lastKnownFileType = text.plist.xml; path = Info.plist; sourceTree = "<group>"; };
		1216489E1BD0D6AF00852536 /* PinchUITests.xctest */ = {isa = PBXFileReference; explicitFileType = wrapper.cfbundle; includeInIndex = 0; path = PinchUITests.xctest; sourceTree = BUILT_PRODUCTS_DIR; };
		121648A21BD0D6AF00852536 /* PinchUITests.swift */ = {isa = PBXFileReference; lastKnownFileType = sourcecode.swift; path = PinchUITests.swift; sourceTree = "<group>"; };
		121648A41BD0D6AF00852536 /* Info.plist */ = {isa = PBXFileReference; lastKnownFileType = text.plist.xml; path = Info.plist; sourceTree = "<group>"; };
		121648B11BD0D88000852536 /* HomeViewController.swift */ = {isa = PBXFileReference; fileEncoding = 4; lastKnownFileType = sourcecode.swift; name = HomeViewController.swift; path = ViewControllers/HomeViewController.swift; sourceTree = "<group>"; };
		121648B31BD0DAC400852536 /* ActivityViewController.swift */ = {isa = PBXFileReference; fileEncoding = 4; lastKnownFileType = sourcecode.swift; name = ActivityViewController.swift; path = ViewControllers/ActivityViewController.swift; sourceTree = "<group>"; };
		121648B51BD0DBB300852536 /* EventViewController.swift */ = {isa = PBXFileReference; fileEncoding = 4; lastKnownFileType = sourcecode.swift; name = EventViewController.swift; path = ViewControllers/EventViewController.swift; sourceTree = "<group>"; };
		121648B71BD0DC0E00852536 /* SearchViewController.swift */ = {isa = PBXFileReference; fileEncoding = 4; lastKnownFileType = sourcecode.swift; name = SearchViewController.swift; path = ViewControllers/SearchViewController.swift; sourceTree = "<group>"; };
		121648B91BD0DC1C00852536 /* SearchResultsViewController.swift */ = {isa = PBXFileReference; fileEncoding = 4; lastKnownFileType = sourcecode.swift; name = SearchResultsViewController.swift; path = ViewControllers/SearchResultsViewController.swift; sourceTree = "<group>"; };
		121648BB1BD0DC7200852536 /* UserProfileViewController.swift */ = {isa = PBXFileReference; fileEncoding = 4; lastKnownFileType = sourcecode.swift; name = UserProfileViewController.swift; path = ViewControllers/UserProfileViewController.swift; sourceTree = "<group>"; };
		121648BD1BD0DCB000852536 /* OrganizationProfileViewController.swift */ = {isa = PBXFileReference; fileEncoding = 4; lastKnownFileType = sourcecode.swift; name = OrganizationProfileViewController.swift; path = ViewControllers/OrganizationProfileViewController.swift; sourceTree = "<group>"; };
		121648BF1BD0DCDC00852536 /* SettingsViewController.swift */ = {isa = PBXFileReference; fileEncoding = 4; lastKnownFileType = sourcecode.swift; name = SettingsViewController.swift; path = ViewControllers/SettingsViewController.swift; sourceTree = "<group>"; };
		121648C11BD0DCED00852536 /* EditUserProfileViewController.swift */ = {isa = PBXFileReference; fileEncoding = 4; lastKnownFileType = sourcecode.swift; name = EditUserProfileViewController.swift; path = ViewControllers/EditUserProfileViewController.swift; sourceTree = "<group>"; };
		121648C61BD0DDF400852536 /* Event.swift */ = {isa = PBXFileReference; fileEncoding = 4; lastKnownFileType = sourcecode.swift; name = Event.swift; path = Classes/Event.swift; sourceTree = "<group>"; };
		121648C81BD0E23900852536 /* Organization.swift */ = {isa = PBXFileReference; fileEncoding = 4; lastKnownFileType = sourcecode.swift; name = Organization.swift; path = Classes/Organization.swift; sourceTree = "<group>"; };
		121648CA1BD0E3B100852536 /* User.swift */ = {isa = PBXFileReference; fileEncoding = 4; lastKnownFileType = sourcecode.swift; name = User.swift; path = Classes/User.swift; sourceTree = "<group>"; };
		1229B4B51BD796A8000A2B7D /* Lato-Bold.ttf */ = {isa = PBXFileReference; lastKnownFileType = file; name = "Lato-Bold.ttf"; path = "Fonts/Lato-Bold.ttf"; sourceTree = "<group>"; };
		1229B4B61BD796A8000A2B7D /* Lato-Regular.ttf */ = {isa = PBXFileReference; lastKnownFileType = file; name = "Lato-Regular.ttf"; path = "Fonts/Lato-Regular.ttf"; sourceTree = "<group>"; };
		1229B4B71BD796A8000A2B7D /* Raleway-Bold.ttf */ = {isa = PBXFileReference; lastKnownFileType = file; name = "Raleway-Bold.ttf"; path = "Fonts/Raleway-Bold.ttf"; sourceTree = "<group>"; };
		124DBECA1BDC364600F2F283 /* UserProfileMenuTableViewCell.swift */ = {isa = PBXFileReference; fileEncoding = 4; lastKnownFileType = sourcecode.swift; name = UserProfileMenuTableViewCell.swift; path = ViewControllers/UserProfileTableViews/UserProfileMenuTableViewCell.swift; sourceTree = "<group>"; };
		124DBECC1BDC368F00F2F283 /* UserProfileDetailsTableViewCell.swift */ = {isa = PBXFileReference; fileEncoding = 4; lastKnownFileType = sourcecode.swift; name = UserProfileDetailsTableViewCell.swift; path = ViewControllers/UserProfileTableViews/UserProfileDetailsTableViewCell.swift; sourceTree = "<group>"; };
		124DBECE1BDC3F9E00F2F283 /* UserProfileEventTabsTableViewCell.swift */ = {isa = PBXFileReference; fileEncoding = 4; lastKnownFileType = sourcecode.swift; name = UserProfileEventTabsTableViewCell.swift; path = ViewControllers/UserProfileTableViews/UserProfileEventTabsTableViewCell.swift; sourceTree = "<group>"; };
		126B730D1BD4CD910081CA0E /* Location.swift */ = {isa = PBXFileReference; fileEncoding = 4; lastKnownFileType = sourcecode.swift; name = Location.swift; path = Helpers/Location.swift; sourceTree = "<group>"; };
		126B730F1BD4D38B0081CA0E /* Assets.xcassets */ = {isa = PBXFileReference; lastKnownFileType = folder.assetcatalog; path = Assets.xcassets; sourceTree = "<group>"; };
		12AA0DFA1BD787CC009DA8CB /* UserActivityViewController.swift */ = {isa = PBXFileReference; fileEncoding = 4; lastKnownFileType = sourcecode.swift; name = UserActivityViewController.swift; path = ViewControllers/UserActivityViewController.swift; sourceTree = "<group>"; };
		12AA0DFC1BD7885B009DA8CB /* UserTestimonialsViewController.swift */ = {isa = PBXFileReference; fileEncoding = 4; lastKnownFileType = sourcecode.swift; name = UserTestimonialsViewController.swift; path = ViewControllers/UserTestimonialsViewController.swift; sourceTree = "<group>"; };
		12AA0E081BD79202009DA8CB /* FollowingUserTableViewCell.swift */ = {isa = PBXFileReference; fileEncoding = 4; lastKnownFileType = sourcecode.swift; name = FollowingUserTableViewCell.swift; path = ViewControllers/UserProfileTableViews/FollowingUserTableViewCell.swift; sourceTree = "<group>"; };
		12CD54701BDA99490027A3BB /* ExtensionUIImage.swift */ = {isa = PBXFileReference; fileEncoding = 4; lastKnownFileType = sourcecode.swift; name = ExtensionUIImage.swift; path = Extensions/ExtensionUIImage.swift; sourceTree = "<group>"; };
		12CDC1101BD9DD220087561B /* UserProfileUpcomingAndSavedEventsTableViewCell.swift */ = {isa = PBXFileReference; fileEncoding = 4; lastKnownFileType = sourcecode.swift; name = UserProfileUpcomingAndSavedEventsTableViewCell.swift; path = ViewControllers/UserProfileTableViews/UserProfileUpcomingAndSavedEventsTableViewCell.swift; sourceTree = "<group>"; };
		12CDC1131BD9DE430087561B /* Colors.swift */ = {isa = PBXFileReference; fileEncoding = 4; lastKnownFileType = sourcecode.swift; name = Colors.swift; path = Helpers/Colors.swift; sourceTree = "<group>"; };
		12CDC1151BD9E79A0087561B /* TestEvents.swift */ = {isa = PBXFileReference; fileEncoding = 4; lastKnownFileType = sourcecode.swift; name = TestEvents.swift; path = Helpers/TestEvents.swift; sourceTree = "<group>"; };
		12DB7DE91BD2FEEF00C17FE4 /* Common.swift */ = {isa = PBXFileReference; fileEncoding = 4; lastKnownFileType = sourcecode.swift; name = Common.swift; path = Helpers/Common.swift; sourceTree = "<group>"; };
		40F31A101BD9E2A200C2884E /* PeopleCell.swift */ = {isa = PBXFileReference; fileEncoding = 4; lastKnownFileType = sourcecode.swift; path = PeopleCell.swift; sourceTree = "<group>"; };
		8D9BEA7369A5037279544AF0 /* Pods_Pinch.framework */ = {isa = PBXFileReference; explicitFileType = wrapper.framework; includeInIndex = 0; path = Pods_Pinch.framework; sourceTree = BUILT_PRODUCTS_DIR; };
		CB3D28AC1BD8E67700AC1BBD /* EventCardTransition.swift */ = {isa = PBXFileReference; fileEncoding = 4; lastKnownFileType = sourcecode.swift; name = EventCardTransition.swift; path = Helpers/EventCardTransition.swift; sourceTree = "<group>"; };
		CB50A5DE1BD7901E0072C54C /* FadeTransition.swift */ = {isa = PBXFileReference; fileEncoding = 4; lastKnownFileType = sourcecode.swift; path = FadeTransition.swift; sourceTree = "<group>"; };
		CB50A5E01BD790240072C54C /* BaseTransition.swift */ = {isa = PBXFileReference; fileEncoding = 4; lastKnownFileType = sourcecode.swift; path = BaseTransition.swift; sourceTree = "<group>"; };
		CB50A5E21BD794320072C54C /* EventInviteFriendsViewController.swift */ = {isa = PBXFileReference; fileEncoding = 4; lastKnownFileType = sourcecode.swift; path = EventInviteFriendsViewController.swift; sourceTree = "<group>"; };
		CD200BF1E73C5ACDBA11A16E /* Pods-Pinch.debug.xcconfig */ = {isa = PBXFileReference; includeInIndex = 1; lastKnownFileType = text.xcconfig; name = "Pods-Pinch.debug.xcconfig"; path = "Pods/Target Support Files/Pods-Pinch/Pods-Pinch.debug.xcconfig"; sourceTree = "<group>"; };
		FFE9900FE11AAFA44E22ABA7 /* Pods-Pinch.release.xcconfig */ = {isa = PBXFileReference; includeInIndex = 1; lastKnownFileType = text.xcconfig; name = "Pods-Pinch.release.xcconfig"; path = "Pods/Target Support Files/Pods-Pinch/Pods-Pinch.release.xcconfig"; sourceTree = "<group>"; };
/* End PBXFileReference section */

/* Begin PBXFrameworksBuildPhase section */
		1216487C1BD0D6AF00852536 /* Frameworks */ = {
			isa = PBXFrameworksBuildPhase;
			buildActionMask = 2147483647;
			files = (
				439B0A90EDAC7EB206EB98E3 /* Pods_Pinch.framework in Frameworks */,
			);
			runOnlyForDeploymentPostprocessing = 0;
		};
		121648901BD0D6AF00852536 /* Frameworks */ = {
			isa = PBXFrameworksBuildPhase;
			buildActionMask = 2147483647;
			files = (
			);
			runOnlyForDeploymentPostprocessing = 0;
		};
		1216489B1BD0D6AF00852536 /* Frameworks */ = {
			isa = PBXFrameworksBuildPhase;
			buildActionMask = 2147483647;
			files = (
			);
			runOnlyForDeploymentPostprocessing = 0;
		};
/* End PBXFrameworksBuildPhase section */

/* Begin PBXGroup section */
		0CEE5B369A2E71B66D9A1C8E /* Frameworks */ = {
			isa = PBXGroup;
			children = (
				8D9BEA7369A5037279544AF0 /* Pods_Pinch.framework */,
			);
			name = Frameworks;
			sourceTree = "<group>";
		};
		121184DB1BD21B8D00C17136 /* Helpers */ = {
			isa = PBXGroup;
			children = (
				CB50A5E01BD790240072C54C /* BaseTransition.swift */,
				CB50A5DE1BD7901E0072C54C /* FadeTransition.swift */,
				12DB7DE91BD2FEEF00C17FE4 /* Common.swift */,
				121184DC1BD21BD900C17136 /* Cause.swift */,
				126B730D1BD4CD910081CA0E /* Location.swift */,
				CB3D28AC1BD8E67700AC1BBD /* EventCardTransition.swift */,
				12CDC1131BD9DE430087561B /* Colors.swift */,
				12CDC1151BD9E79A0087561B /* TestEvents.swift */,
			);
			name = Helpers;
			sourceTree = "<group>";
		};
		121184E21BD220D500C17136 /* Event */ = {
			isa = PBXGroup;
			children = (
				121648B51BD0DBB300852536 /* EventViewController.swift */,
				121184F71BD2222800C17136 /* EventCoverMediaViewController.swift */,
				121184F11BD221E100C17136 /* EventDetailsViewController.swift */,
				121184EF1BD221CE00C17136 /* EventLocationViewController.swift */,
				121184ED1BD221C300C17136 /* EventTestimonialsViewController.swift */,
				121184F31BD221F500C17136 /* EventAttendeesViewController.swift */,
				121184F51BD2220700C17136 /* EventConfirmAttendanceViewController.swift */,
				121185061BD2235C00C17136 /* EventFeedbackViewController.swift */,
				CB50A5E21BD794320072C54C /* EventInviteFriendsViewController.swift */,
			);
			name = Event;
			sourceTree = "<group>";
		};
		121184F91BD2223E00C17136 /* Search */ = {
			isa = PBXGroup;
			children = (
				121648B71BD0DC0E00852536 /* SearchViewController.swift */,
				121648B91BD0DC1C00852536 /* SearchResultsViewController.swift */,
				121185081BD2238000C17136 /* SearchFiltersViewController.swift */,
			);
			name = Search;
			sourceTree = "<group>";
		};
		121184FA1BD2225100C17136 /* Settings */ = {
			isa = PBXGroup;
			children = (
				121648BF1BD0DCDC00852536 /* SettingsViewController.swift */,
				121648C11BD0DCED00852536 /* EditUserProfileViewController.swift */,
				1211850A1BD223BB00C17136 /* ChangePasswordViewController.swift */,
			);
			name = Settings;
			sourceTree = "<group>";
		};
		121184FB1BD2226B00C17136 /* Onboarding */ = {
			isa = PBXGroup;
			children = (
				121184FC1BD2229100C17136 /* OnboardingCausesViewController.swift */,
				121184FE1BD222BA00C17136 /* OnboardingFollowFriendsViewController.swift */,
				121185171BD226F200C17136 /* OnboardingFinishViewController.swift */,
				40F31A101BD9E2A200C2884E /* PeopleCell.swift */,
			);
			name = Onboarding;
			sourceTree = "<group>";
		};
		1211850C1BD223E300C17136 /* Profile */ = {
			isa = PBXGroup;
			children = (
				121648BB1BD0DC7200852536 /* UserProfileViewController.swift */,
				1211850D1BD223F300C17136 /* UserBadgesViewController.swift */,
				1211850F1BD223FA00C17136 /* UserStatsViewController.swift */,
				121185111BD2243000C17136 /* UserOrgsViewController.swift */,
				121185151BD2244F00C17136 /* UserFollowingViewController.swift */,
				12AA0DFA1BD787CC009DA8CB /* UserActivityViewController.swift */,
				12AA0DFC1BD7885B009DA8CB /* UserTestimonialsViewController.swift */,
				12CDC1121BD9DD350087561B /* TableView Cells */,
			);
			name = Profile;
			sourceTree = "<group>";
		};
		121648761BD0D6AF00852536 = {
			isa = PBXGroup;
			children = (
				121648811BD0D6AF00852536 /* Pinch */,
				121648961BD0D6AF00852536 /* PinchTests */,
				121648A11BD0D6AF00852536 /* PinchUITests */,
				121648801BD0D6AF00852536 /* Products */,
				7324368EC06D9F403993EBEB /* Pods */,
				0CEE5B369A2E71B66D9A1C8E /* Frameworks */,
			);
			sourceTree = "<group>";
		};
		121648801BD0D6AF00852536 /* Products */ = {
			isa = PBXGroup;
			children = (
				1216487F1BD0D6AF00852536 /* Pinch.app */,
				121648931BD0D6AF00852536 /* PinchTests.xctest */,
				1216489E1BD0D6AF00852536 /* PinchUITests.xctest */,
			);
			name = Products;
			sourceTree = "<group>";
		};
		121648811BD0D6AF00852536 /* Pinch */ = {
			isa = PBXGroup;
			children = (
				1229B4BB1BD796AD000A2B7D /* Fonts */,
				121648B01BD0D85800852536 /* View Controllers */,
				121648C31BD0DD8600852536 /* Classes */,
				121184DB1BD21B8D00C17136 /* Helpers */,
				12CD546F1BDA991F0027A3BB /* Extensions */,
				121648821BD0D6AF00852536 /* AppDelegate.swift */,
				126B730F1BD4D38B0081CA0E /* Assets.xcassets */,
				121648841BD0D6AF00852536 /* ViewController.swift */,
				121648861BD0D6AF00852536 /* Main.storyboard */,
				1216488B1BD0D6AF00852536 /* LaunchScreen.storyboard */,
				1216488E1BD0D6AF00852536 /* Info.plist */,
			);
			path = Pinch;
			sourceTree = "<group>";
		};
		121648961BD0D6AF00852536 /* PinchTests */ = {
			isa = PBXGroup;
			children = (
				121648971BD0D6AF00852536 /* PinchTests.swift */,
				121648991BD0D6AF00852536 /* Info.plist */,
			);
			path = PinchTests;
			sourceTree = "<group>";
		};
		121648A11BD0D6AF00852536 /* PinchUITests */ = {
			isa = PBXGroup;
			children = (
				121648A21BD0D6AF00852536 /* PinchUITests.swift */,
				121648A41BD0D6AF00852536 /* Info.plist */,
			);
			path = PinchUITests;
			sourceTree = "<group>";
		};
		121648B01BD0D85800852536 /* View Controllers */ = {
			isa = PBXGroup;
			children = (
				121185001BD222EF00C17136 /* WelcomeViewController.swift */,
				121185021BD2230000C17136 /* SignUpViewController.swift */,
				121185041BD2230A00C17136 /* LogInViewController.swift */,
				121648B11BD0D88000852536 /* HomeViewController.swift */,
				121648B31BD0DAC400852536 /* ActivityViewController.swift */,
				121184FB1BD2226B00C17136 /* Onboarding */,
				121184E21BD220D500C17136 /* Event */,
				121184F91BD2223E00C17136 /* Search */,
				121184FA1BD2225100C17136 /* Settings */,
				1211850C1BD223E300C17136 /* Profile */,
				121648BD1BD0DCB000852536 /* OrganizationProfileViewController.swift */,
			);
			name = "View Controllers";
			sourceTree = "<group>";
		};
		121648C31BD0DD8600852536 /* Classes */ = {
			isa = PBXGroup;
			children = (
				121648C61BD0DDF400852536 /* Event.swift */,
				121648C81BD0E23900852536 /* Organization.swift */,
				121648CA1BD0E3B100852536 /* User.swift */,
			);
			name = Classes;
			sourceTree = "<group>";
		};
		1229B4BB1BD796AD000A2B7D /* Fonts */ = {
			isa = PBXGroup;
			children = (
				1229B4B51BD796A8000A2B7D /* Lato-Bold.ttf */,
				1229B4B61BD796A8000A2B7D /* Lato-Regular.ttf */,
				1229B4B71BD796A8000A2B7D /* Raleway-Bold.ttf */,
			);
			name = Fonts;
			sourceTree = "<group>";
		};
		12CD546F1BDA991F0027A3BB /* Extensions */ = {
			isa = PBXGroup;
			children = (
				12CD54701BDA99490027A3BB /* ExtensionUIImage.swift */,
			);
			name = Extensions;
			sourceTree = "<group>";
		};
		12CDC1121BD9DD350087561B /* TableView Cells */ = {
			isa = PBXGroup;
			children = (
				12AA0E081BD79202009DA8CB /* FollowingUserTableViewCell.swift */,
				124DBECC1BDC368F00F2F283 /* UserProfileDetailsTableViewCell.swift */,
				124DBECA1BDC364600F2F283 /* UserProfileMenuTableViewCell.swift */,
				124DBECE1BDC3F9E00F2F283 /* UserProfileEventTabsTableViewCell.swift */,
				12CDC1101BD9DD220087561B /* UserProfileUpcomingAndSavedEventsTableViewCell.swift */,
			);
			name = "TableView Cells";
			sourceTree = "<group>";
		};
		7324368EC06D9F403993EBEB /* Pods */ = {
			isa = PBXGroup;
			children = (
				CD200BF1E73C5ACDBA11A16E /* Pods-Pinch.debug.xcconfig */,
				FFE9900FE11AAFA44E22ABA7 /* Pods-Pinch.release.xcconfig */,
			);
			name = Pods;
			sourceTree = "<group>";
		};
/* End PBXGroup section */

/* Begin PBXNativeTarget section */
		1216487E1BD0D6AF00852536 /* Pinch */ = {
			isa = PBXNativeTarget;
			buildConfigurationList = 121648A71BD0D6AF00852536 /* Build configuration list for PBXNativeTarget "Pinch" */;
			buildPhases = (
				CC9103189F388A75FDFCFAB8 /* Check Pods Manifest.lock */,
				1216487B1BD0D6AF00852536 /* Sources */,
				1216487C1BD0D6AF00852536 /* Frameworks */,
				1216487D1BD0D6AF00852536 /* Resources */,
				A0E57CC9DA4B4EBDEFB2F384 /* Copy Pods Resources */,
				D3455A0F3E36BC0AE547084A /* Embed Pods Frameworks */,
			);
			buildRules = (
			);
			dependencies = (
			);
			name = Pinch;
			productName = Pinch;
			productReference = 1216487F1BD0D6AF00852536 /* Pinch.app */;
			productType = "com.apple.product-type.application";
		};
		121648921BD0D6AF00852536 /* PinchTests */ = {
			isa = PBXNativeTarget;
			buildConfigurationList = 121648AA1BD0D6AF00852536 /* Build configuration list for PBXNativeTarget "PinchTests" */;
			buildPhases = (
				1216488F1BD0D6AF00852536 /* Sources */,
				121648901BD0D6AF00852536 /* Frameworks */,
				121648911BD0D6AF00852536 /* Resources */,
			);
			buildRules = (
			);
			dependencies = (
				121648951BD0D6AF00852536 /* PBXTargetDependency */,
			);
			name = PinchTests;
			productName = PinchTests;
			productReference = 121648931BD0D6AF00852536 /* PinchTests.xctest */;
			productType = "com.apple.product-type.bundle.unit-test";
		};
		1216489D1BD0D6AF00852536 /* PinchUITests */ = {
			isa = PBXNativeTarget;
			buildConfigurationList = 121648AD1BD0D6AF00852536 /* Build configuration list for PBXNativeTarget "PinchUITests" */;
			buildPhases = (
				1216489A1BD0D6AF00852536 /* Sources */,
				1216489B1BD0D6AF00852536 /* Frameworks */,
				1216489C1BD0D6AF00852536 /* Resources */,
			);
			buildRules = (
			);
			dependencies = (
				121648A01BD0D6AF00852536 /* PBXTargetDependency */,
			);
			name = PinchUITests;
			productName = PinchUITests;
			productReference = 1216489E1BD0D6AF00852536 /* PinchUITests.xctest */;
			productType = "com.apple.product-type.bundle.ui-testing";
		};
/* End PBXNativeTarget section */

/* Begin PBXProject section */
		121648771BD0D6AF00852536 /* Project object */ = {
			isa = PBXProject;
			attributes = {
				LastUpgradeCheck = 0700;
				ORGANIZATIONNAME = "Team 2";
				TargetAttributes = {
					1216487E1BD0D6AF00852536 = {
						CreatedOnToolsVersion = 7.0;
						DevelopmentTeam = WY547A4YTJ;
					};
					121648921BD0D6AF00852536 = {
						CreatedOnToolsVersion = 7.0;
						TestTargetID = 1216487E1BD0D6AF00852536;
					};
					1216489D1BD0D6AF00852536 = {
						CreatedOnToolsVersion = 7.0;
						TestTargetID = 1216487E1BD0D6AF00852536;
					};
				};
			};
			buildConfigurationList = 1216487A1BD0D6AF00852536 /* Build configuration list for PBXProject "Pinch" */;
			compatibilityVersion = "Xcode 3.2";
			developmentRegion = English;
			hasScannedForEncodings = 0;
			knownRegions = (
				en,
				Base,
			);
			mainGroup = 121648761BD0D6AF00852536;
			productRefGroup = 121648801BD0D6AF00852536 /* Products */;
			projectDirPath = "";
			projectRoot = "";
			targets = (
				1216487E1BD0D6AF00852536 /* Pinch */,
				121648921BD0D6AF00852536 /* PinchTests */,
				1216489D1BD0D6AF00852536 /* PinchUITests */,
			);
		};
/* End PBXProject section */

/* Begin PBXResourcesBuildPhase section */
		1216487D1BD0D6AF00852536 /* Resources */ = {
			isa = PBXResourcesBuildPhase;
			buildActionMask = 2147483647;
			files = (
				1229B4BA1BD796A8000A2B7D /* Raleway-Bold.ttf in Resources */,
				1216488D1BD0D6AF00852536 /* LaunchScreen.storyboard in Resources */,
				1229B4B91BD796A8000A2B7D /* Lato-Regular.ttf in Resources */,
				1229B4B81BD796A8000A2B7D /* Lato-Bold.ttf in Resources */,
				126B73101BD4D38B0081CA0E /* Assets.xcassets in Resources */,
				121648881BD0D6AF00852536 /* Main.storyboard in Resources */,
			);
			runOnlyForDeploymentPostprocessing = 0;
		};
		121648911BD0D6AF00852536 /* Resources */ = {
			isa = PBXResourcesBuildPhase;
			buildActionMask = 2147483647;
			files = (
			);
			runOnlyForDeploymentPostprocessing = 0;
		};
		1216489C1BD0D6AF00852536 /* Resources */ = {
			isa = PBXResourcesBuildPhase;
			buildActionMask = 2147483647;
			files = (
			);
			runOnlyForDeploymentPostprocessing = 0;
		};
/* End PBXResourcesBuildPhase section */

/* Begin PBXShellScriptBuildPhase section */
		A0E57CC9DA4B4EBDEFB2F384 /* Copy Pods Resources */ = {
			isa = PBXShellScriptBuildPhase;
			buildActionMask = 2147483647;
			files = (
			);
			inputPaths = (
			);
			name = "Copy Pods Resources";
			outputPaths = (
			);
			runOnlyForDeploymentPostprocessing = 0;
			shellPath = /bin/sh;
			shellScript = "\"${SRCROOT}/Pods/Target Support Files/Pods-Pinch/Pods-Pinch-resources.sh\"\n";
			showEnvVarsInLog = 0;
		};
		CC9103189F388A75FDFCFAB8 /* Check Pods Manifest.lock */ = {
			isa = PBXShellScriptBuildPhase;
			buildActionMask = 2147483647;
			files = (
			);
			inputPaths = (
			);
			name = "Check Pods Manifest.lock";
			outputPaths = (
			);
			runOnlyForDeploymentPostprocessing = 0;
			shellPath = /bin/sh;
			shellScript = "diff \"${PODS_ROOT}/../Podfile.lock\" \"${PODS_ROOT}/Manifest.lock\" > /dev/null\nif [[ $? != 0 ]] ; then\n    cat << EOM\nerror: The sandbox is not in sync with the Podfile.lock. Run 'pod install' or update your CocoaPods installation.\nEOM\n    exit 1\nfi\n";
			showEnvVarsInLog = 0;
		};
		D3455A0F3E36BC0AE547084A /* Embed Pods Frameworks */ = {
			isa = PBXShellScriptBuildPhase;
			buildActionMask = 2147483647;
			files = (
			);
			inputPaths = (
			);
			name = "Embed Pods Frameworks";
			outputPaths = (
			);
			runOnlyForDeploymentPostprocessing = 0;
			shellPath = /bin/sh;
			shellScript = "\"${SRCROOT}/Pods/Target Support Files/Pods-Pinch/Pods-Pinch-frameworks.sh\"\n";
			showEnvVarsInLog = 0;
		};
/* End PBXShellScriptBuildPhase section */

/* Begin PBXSourcesBuildPhase section */
		1216487B1BD0D6AF00852536 /* Sources */ = {
			isa = PBXSourcesBuildPhase;
			buildActionMask = 2147483647;
			files = (
				121184F81BD2222800C17136 /* EventCoverMediaViewController.swift in Sources */,
				12CDC1141BD9DE430087561B /* Colors.swift in Sources */,
				121184F61BD2220700C17136 /* EventConfirmAttendanceViewController.swift in Sources */,
				12AA0DFB1BD787CC009DA8CB /* UserActivityViewController.swift in Sources */,
				124DBECF1BDC3F9E00F2F283 /* UserProfileEventTabsTableViewCell.swift in Sources */,
				121648B81BD0DC0E00852536 /* SearchViewController.swift in Sources */,
				12CDC1111BD9DD220087561B /* UserProfileUpcomingAndSavedEventsTableViewCell.swift in Sources */,
				1211850B1BD223BB00C17136 /* ChangePasswordViewController.swift in Sources */,
				12CD54711BDA99490027A3BB /* ExtensionUIImage.swift in Sources */,
				CB50A5E31BD794320072C54C /* EventInviteFriendsViewController.swift in Sources */,
				121648BC1BD0DC7200852536 /* UserProfileViewController.swift in Sources */,
				121185101BD223FA00C17136 /* UserStatsViewController.swift in Sources */,
				121184FD1BD2229100C17136 /* OnboardingCausesViewController.swift in Sources */,
				121648B61BD0DBB300852536 /* EventViewController.swift in Sources */,
				121185011BD222EF00C17136 /* WelcomeViewController.swift in Sources */,
				121648C21BD0DCED00852536 /* EditUserProfileViewController.swift in Sources */,
				CB50A5E11BD790240072C54C /* BaseTransition.swift in Sources */,
				121185121BD2243000C17136 /* UserOrgsViewController.swift in Sources */,
				121648C91BD0E23900852536 /* Organization.swift in Sources */,
				121185091BD2238000C17136 /* SearchFiltersViewController.swift in Sources */,
				1211850E1BD223F300C17136 /* UserBadgesViewController.swift in Sources */,
				12AA0DFD1BD7885B009DA8CB /* UserTestimonialsViewController.swift in Sources */,
				121185071BD2235C00C17136 /* EventFeedbackViewController.swift in Sources */,
				126B730E1BD4CD910081CA0E /* Location.swift in Sources */,
				40F31A111BD9E2A200C2884E /* PeopleCell.swift in Sources */,
				121648C01BD0DCDC00852536 /* SettingsViewController.swift in Sources */,
				124DBECB1BDC364600F2F283 /* UserProfileMenuTableViewCell.swift in Sources */,
				121184DD1BD21BD900C17136 /* Cause.swift in Sources */,
				124DBECD1BDC368F00F2F283 /* UserProfileDetailsTableViewCell.swift in Sources */,
				12AA0E091BD79202009DA8CB /* FollowingUserTableViewCell.swift in Sources */,
				121184EE1BD221C300C17136 /* EventTestimonialsViewController.swift in Sources */,
				121648851BD0D6AF00852536 /* ViewController.swift in Sources */,
				121185161BD2244F00C17136 /* UserFollowingViewController.swift in Sources */,
				121648CB1BD0E3B100852536 /* User.swift in Sources */,
				121184F41BD221F500C17136 /* EventAttendeesViewController.swift in Sources */,
				121184F21BD221E100C17136 /* EventDetailsViewController.swift in Sources */,
				121648831BD0D6AF00852536 /* AppDelegate.swift in Sources */,
				121648B21BD0D88000852536 /* HomeViewController.swift in Sources */,
				CB3D28AD1BD8E67700AC1BBD /* EventCardTransition.swift in Sources */,
				121648BA1BD0DC1C00852536 /* SearchResultsViewController.swift in Sources */,
				121185051BD2230A00C17136 /* LogInViewController.swift in Sources */,
				12CDC1161BD9E79A0087561B /* TestEvents.swift in Sources */,
				121648B41BD0DAC400852536 /* ActivityViewController.swift in Sources */,
				CB50A5DF1BD7901E0072C54C /* FadeTransition.swift in Sources */,
				121184F01BD221CE00C17136 /* EventLocationViewController.swift in Sources */,
				121648BE1BD0DCB000852536 /* OrganizationProfileViewController.swift in Sources */,
				121184FF1BD222BA00C17136 /* OnboardingFollowFriendsViewController.swift in Sources */,
				12DB7DEA1BD2FEEF00C17FE4 /* Common.swift in Sources */,
				121185031BD2230000C17136 /* SignUpViewController.swift in Sources */,
				121185181BD226F200C17136 /* OnboardingFinishViewController.swift in Sources */,
				121648C71BD0DDF400852536 /* Event.swift in Sources */,
			);
			runOnlyForDeploymentPostprocessing = 0;
		};
		1216488F1BD0D6AF00852536 /* Sources */ = {
			isa = PBXSourcesBuildPhase;
			buildActionMask = 2147483647;
			files = (
				121648981BD0D6AF00852536 /* PinchTests.swift in Sources */,
			);
			runOnlyForDeploymentPostprocessing = 0;
		};
		1216489A1BD0D6AF00852536 /* Sources */ = {
			isa = PBXSourcesBuildPhase;
			buildActionMask = 2147483647;
			files = (
				121648A31BD0D6AF00852536 /* PinchUITests.swift in Sources */,
			);
			runOnlyForDeploymentPostprocessing = 0;
		};
/* End PBXSourcesBuildPhase section */

/* Begin PBXTargetDependency section */
		121648951BD0D6AF00852536 /* PBXTargetDependency */ = {
			isa = PBXTargetDependency;
			target = 1216487E1BD0D6AF00852536 /* Pinch */;
			targetProxy = 121648941BD0D6AF00852536 /* PBXContainerItemProxy */;
		};
		121648A01BD0D6AF00852536 /* PBXTargetDependency */ = {
			isa = PBXTargetDependency;
			target = 1216487E1BD0D6AF00852536 /* Pinch */;
			targetProxy = 1216489F1BD0D6AF00852536 /* PBXContainerItemProxy */;
		};
/* End PBXTargetDependency section */

/* Begin PBXVariantGroup section */
		121648861BD0D6AF00852536 /* Main.storyboard */ = {
			isa = PBXVariantGroup;
			children = (
				121648871BD0D6AF00852536 /* Base */,
			);
			name = Main.storyboard;
			sourceTree = "<group>";
		};
		1216488B1BD0D6AF00852536 /* LaunchScreen.storyboard */ = {
			isa = PBXVariantGroup;
			children = (
				1216488C1BD0D6AF00852536 /* Base */,
			);
			name = LaunchScreen.storyboard;
			sourceTree = "<group>";
		};
/* End PBXVariantGroup section */

/* Begin XCBuildConfiguration section */
		121648A51BD0D6AF00852536 /* Debug */ = {
			isa = XCBuildConfiguration;
			buildSettings = {
				ALWAYS_SEARCH_USER_PATHS = NO;
				CLANG_CXX_LANGUAGE_STANDARD = "gnu++0x";
				CLANG_CXX_LIBRARY = "libc++";
				CLANG_ENABLE_MODULES = YES;
				CLANG_ENABLE_OBJC_ARC = YES;
				CLANG_WARN_BOOL_CONVERSION = YES;
				CLANG_WARN_CONSTANT_CONVERSION = YES;
				CLANG_WARN_DIRECT_OBJC_ISA_USAGE = YES_ERROR;
				CLANG_WARN_EMPTY_BODY = YES;
				CLANG_WARN_ENUM_CONVERSION = YES;
				CLANG_WARN_INT_CONVERSION = YES;
				CLANG_WARN_OBJC_ROOT_CLASS = YES_ERROR;
				CLANG_WARN_UNREACHABLE_CODE = YES;
				CLANG_WARN__DUPLICATE_METHOD_MATCH = YES;
				"CODE_SIGN_IDENTITY[sdk=iphoneos*]" = "iPhone Developer";
				COPY_PHASE_STRIP = NO;
				DEBUG_INFORMATION_FORMAT = dwarf;
				ENABLE_STRICT_OBJC_MSGSEND = YES;
				ENABLE_TESTABILITY = YES;
				GCC_C_LANGUAGE_STANDARD = gnu99;
				GCC_DYNAMIC_NO_PIC = NO;
				GCC_NO_COMMON_BLOCKS = YES;
				GCC_OPTIMIZATION_LEVEL = 0;
				GCC_PREPROCESSOR_DEFINITIONS = (
					"DEBUG=1",
					"$(inherited)",
				);
				GCC_WARN_64_TO_32_BIT_CONVERSION = YES;
				GCC_WARN_ABOUT_RETURN_TYPE = YES_ERROR;
				GCC_WARN_UNDECLARED_SELECTOR = YES;
				GCC_WARN_UNINITIALIZED_AUTOS = YES_AGGRESSIVE;
				GCC_WARN_UNUSED_FUNCTION = YES;
				GCC_WARN_UNUSED_VARIABLE = YES;
				IPHONEOS_DEPLOYMENT_TARGET = 9.0;
				MTL_ENABLE_DEBUG_INFO = YES;
				ONLY_ACTIVE_ARCH = YES;
				SDKROOT = iphoneos;
				SWIFT_OPTIMIZATION_LEVEL = "-Onone";
				TARGETED_DEVICE_FAMILY = "1,2";
			};
			name = Debug;
		};
		121648A61BD0D6AF00852536 /* Release */ = {
			isa = XCBuildConfiguration;
			buildSettings = {
				ALWAYS_SEARCH_USER_PATHS = NO;
				CLANG_CXX_LANGUAGE_STANDARD = "gnu++0x";
				CLANG_CXX_LIBRARY = "libc++";
				CLANG_ENABLE_MODULES = YES;
				CLANG_ENABLE_OBJC_ARC = YES;
				CLANG_WARN_BOOL_CONVERSION = YES;
				CLANG_WARN_CONSTANT_CONVERSION = YES;
				CLANG_WARN_DIRECT_OBJC_ISA_USAGE = YES_ERROR;
				CLANG_WARN_EMPTY_BODY = YES;
				CLANG_WARN_ENUM_CONVERSION = YES;
				CLANG_WARN_INT_CONVERSION = YES;
				CLANG_WARN_OBJC_ROOT_CLASS = YES_ERROR;
				CLANG_WARN_UNREACHABLE_CODE = YES;
				CLANG_WARN__DUPLICATE_METHOD_MATCH = YES;
				"CODE_SIGN_IDENTITY[sdk=iphoneos*]" = "iPhone Developer";
				COPY_PHASE_STRIP = NO;
				DEBUG_INFORMATION_FORMAT = "dwarf-with-dsym";
				ENABLE_NS_ASSERTIONS = NO;
				ENABLE_STRICT_OBJC_MSGSEND = YES;
				GCC_C_LANGUAGE_STANDARD = gnu99;
				GCC_NO_COMMON_BLOCKS = YES;
				GCC_WARN_64_TO_32_BIT_CONVERSION = YES;
				GCC_WARN_ABOUT_RETURN_TYPE = YES_ERROR;
				GCC_WARN_UNDECLARED_SELECTOR = YES;
				GCC_WARN_UNINITIALIZED_AUTOS = YES_AGGRESSIVE;
				GCC_WARN_UNUSED_FUNCTION = YES;
				GCC_WARN_UNUSED_VARIABLE = YES;
				IPHONEOS_DEPLOYMENT_TARGET = 9.0;
				MTL_ENABLE_DEBUG_INFO = NO;
				SDKROOT = iphoneos;
				TARGETED_DEVICE_FAMILY = "1,2";
				VALIDATE_PRODUCT = YES;
			};
			name = Release;
		};
		121648A81BD0D6AF00852536 /* Debug */ = {
			isa = XCBuildConfiguration;
			baseConfigurationReference = CD200BF1E73C5ACDBA11A16E /* Pods-Pinch.debug.xcconfig */;
			buildSettings = {
				ASSETCATALOG_COMPILER_APPICON_NAME = AppIcon;
				CODE_SIGN_IDENTITY = "iPhone Developer";
				"CODE_SIGN_IDENTITY[sdk=iphoneos*]" = "iPhone Developer";
				INFOPLIST_FILE = Pinch/Info.plist;
				LD_RUNPATH_SEARCH_PATHS = "$(inherited) @executable_path/Frameworks";
				PRODUCT_BUNDLE_IDENTIFIER = com.team2.Pinch;
				PRODUCT_NAME = "$(TARGET_NAME)";
				PROVISIONING_PROFILE = "";
			};
			name = Debug;
		};
		121648A91BD0D6AF00852536 /* Release */ = {
			isa = XCBuildConfiguration;
			baseConfigurationReference = FFE9900FE11AAFA44E22ABA7 /* Pods-Pinch.release.xcconfig */;
			buildSettings = {
				ASSETCATALOG_COMPILER_APPICON_NAME = AppIcon;
				CODE_SIGN_IDENTITY = "iPhone Developer";
				"CODE_SIGN_IDENTITY[sdk=iphoneos*]" = "iPhone Developer";
				INFOPLIST_FILE = Pinch/Info.plist;
				LD_RUNPATH_SEARCH_PATHS = "$(inherited) @executable_path/Frameworks";
				PRODUCT_BUNDLE_IDENTIFIER = com.team2.Pinch;
				PRODUCT_NAME = "$(TARGET_NAME)";
				PROVISIONING_PROFILE = "";
			};
			name = Release;
		};
		121648AB1BD0D6AF00852536 /* Debug */ = {
			isa = XCBuildConfiguration;
			buildSettings = {
				BUNDLE_LOADER = "$(TEST_HOST)";
				INFOPLIST_FILE = PinchTests/Info.plist;
				LD_RUNPATH_SEARCH_PATHS = "$(inherited) @executable_path/Frameworks @loader_path/Frameworks";
				PRODUCT_BUNDLE_IDENTIFIER = com.team2.PinchTests;
				PRODUCT_NAME = "$(TARGET_NAME)";
				TEST_HOST = "$(BUILT_PRODUCTS_DIR)/Pinch.app/Pinch";
			};
			name = Debug;
		};
		121648AC1BD0D6AF00852536 /* Release */ = {
			isa = XCBuildConfiguration;
			buildSettings = {
				BUNDLE_LOADER = "$(TEST_HOST)";
				INFOPLIST_FILE = PinchTests/Info.plist;
				LD_RUNPATH_SEARCH_PATHS = "$(inherited) @executable_path/Frameworks @loader_path/Frameworks";
				PRODUCT_BUNDLE_IDENTIFIER = com.team2.PinchTests;
				PRODUCT_NAME = "$(TARGET_NAME)";
				TEST_HOST = "$(BUILT_PRODUCTS_DIR)/Pinch.app/Pinch";
			};
			name = Release;
		};
		121648AE1BD0D6AF00852536 /* Debug */ = {
			isa = XCBuildConfiguration;
			buildSettings = {
				INFOPLIST_FILE = PinchUITests/Info.plist;
				LD_RUNPATH_SEARCH_PATHS = "$(inherited) @executable_path/Frameworks @loader_path/Frameworks";
				PRODUCT_BUNDLE_IDENTIFIER = com.team2.PinchUITests;
				PRODUCT_NAME = "$(TARGET_NAME)";
				TEST_TARGET_NAME = Pinch;
				USES_XCTRUNNER = YES;
			};
			name = Debug;
		};
		121648AF1BD0D6AF00852536 /* Release */ = {
			isa = XCBuildConfiguration;
			buildSettings = {
				INFOPLIST_FILE = PinchUITests/Info.plist;
				LD_RUNPATH_SEARCH_PATHS = "$(inherited) @executable_path/Frameworks @loader_path/Frameworks";
				PRODUCT_BUNDLE_IDENTIFIER = com.team2.PinchUITests;
				PRODUCT_NAME = "$(TARGET_NAME)";
				TEST_TARGET_NAME = Pinch;
				USES_XCTRUNNER = YES;
			};
			name = Release;
		};
/* End XCBuildConfiguration section */

/* Begin XCConfigurationList section */
		1216487A1BD0D6AF00852536 /* Build configuration list for PBXProject "Pinch" */ = {
			isa = XCConfigurationList;
			buildConfigurations = (
				121648A51BD0D6AF00852536 /* Debug */,
				121648A61BD0D6AF00852536 /* Release */,
			);
			defaultConfigurationIsVisible = 0;
			defaultConfigurationName = Release;
		};
		121648A71BD0D6AF00852536 /* Build configuration list for PBXNativeTarget "Pinch" */ = {
			isa = XCConfigurationList;
			buildConfigurations = (
				121648A81BD0D6AF00852536 /* Debug */,
				121648A91BD0D6AF00852536 /* Release */,
			);
			defaultConfigurationIsVisible = 0;
			defaultConfigurationName = Release;
		};
		121648AA1BD0D6AF00852536 /* Build configuration list for PBXNativeTarget "PinchTests" */ = {
			isa = XCConfigurationList;
			buildConfigurations = (
				121648AB1BD0D6AF00852536 /* Debug */,
				121648AC1BD0D6AF00852536 /* Release */,
			);
			defaultConfigurationIsVisible = 0;
			defaultConfigurationName = Release;
		};
		121648AD1BD0D6AF00852536 /* Build configuration list for PBXNativeTarget "PinchUITests" */ = {
			isa = XCConfigurationList;
			buildConfigurations = (
				121648AE1BD0D6AF00852536 /* Debug */,
				121648AF1BD0D6AF00852536 /* Release */,
			);
			defaultConfigurationIsVisible = 0;
			defaultConfigurationName = Release;
		};
/* End XCConfigurationList section */
	};
	rootObject = 121648771BD0D6AF00852536 /* Project object */;
}
